
Microsoft Visual Studio Solution File, Format Version 12.00
# Visual Studio Version 17
VisualStudioVersion = 17.5.33424.131
MinimumVisualStudioVersion = 10.0.40219.1
Project("{FAE04EC0-301F-11D3-BF4B-00C04F79EFBC}") = "Book.Model", "Book.Model\Book.Model.csproj", "{5F867EC4-C79F-4688-8B85-864D8C756972}"
EndProject
Project("{FAE04EC0-301F-11D3-BF4B-00C04F79EFBC}") = "Book.DAL", "Book.DAL\Book.DAL.csproj", "{8820FE1D-4E1F-4B35-9520-B10F765AE656}"
EndProject
Project("{FAE04EC0-301F-11D3-BF4B-00C04F79EFBC}") = "Book.BLL", "Book.BLL\Book.BLL.csproj", "{80A6A25A-793D-4EEE-8864-5900C12EA4F2}"
EndProject
Project("{FAE04EC0-301F-11D3-BF4B-00C04F79EFBC}") = "Book.UI", "Book\Book.UI.csproj", "{CC92B4A0-3788-4975-910D-7FB02D59ACD7}"
EndProject
Global
	GlobalSection(SolutionConfigurationPlatforms) = preSolution
		Debug|Any CPU = Debug|Any CPU
		Release|Any CPU = Release|Any CPU
	EndGlobalSection
	GlobalSection(ProjectConfigurationPlatforms) = postSolution
		{5F867EC4-C79F-4688-8B85-864D8C756972}.Debug|Any CPU.ActiveCfg = Debug|Any CPU
		{5F867EC4-C79F-4688-8B85-864D8C756972}.Debug|Any CPU.Build.0 = Debug|Any CPU
		{5F867EC4-C79F-4688-8B85-864D8C756972}.Release|Any CPU.ActiveCfg = Release|Any CPU
		{5F867EC4-C79F-4688-8B85-864D8C756972}.Release|Any CPU.Build.0 = Release|Any CPU
		{8820FE1D-4E1F-4B35-9520-B10F765AE656}.Debug|Any CPU.ActiveCfg = Debug|Any CPU
		{8820FE1D-4E1F-4B35-9520-B10F765AE656}.Debug|Any CPU.Build.0 = Debug|Any CPU
		{8820FE1D-4E1F-4B35-9520-B10F765AE656}.Release|Any CPU.ActiveCfg = Release|Any CPU
		{8820FE1D-4E1F-4B35-9520-B10F765AE656}.Release|Any CPU.Build.0 = Release|Any CPU
		{80A6A25A-793D-4EEE-8864-5900C12EA4F2}.Debug|Any CPU.ActiveCfg = Debug|Any CPU
		{80A6A25A-793D-4EEE-8864-5900C12EA4F2}.Debug|Any CPU.Build.0 = Debug|Any CPU
		{80A6A25A-793D-4EEE-8864-5900C12EA4F2}.Release|Any CPU.ActiveCfg = Release|Any CPU
		{80A6A25A-793D-4EEE-8864-5900C12EA4F2}.Release|Any CPU.Build.0 = Release|Any CPU
		{CC92B4A0-3788-4975-910D-7FB02D59ACD7}.Debug|Any CPU.ActiveCfg = Debug|Any CPU
		{CC92B4A0-3788-4975-910D-7FB02D59ACD7}.Debug|Any CPU.Build.0 = Debug|Any CPU
		{CC92B4A0-3788-4975-910D-7FB02D59ACD7}.Release|Any CPU.ActiveCfg = Release|Any CPU
		{CC92B4A0-3788-4975-910D-7FB02D59ACD7}.Release|Any CPU.Build.0 = Release|Any CPU
	EndGlobalSection
	GlobalSection(SolutionProperties) = preSolution
		HideSolutionNode = FALSE
	EndGlobalSection
	GlobalSection(ExtensibilityGlobals) = postSolution
		SolutionGuid = {04F69919-A9B9-4B02-9A0C-B3BA3DBB70A7}
	EndGlobalSection
EndGlobal
